
Microsoft Visual Studio Solution File, Format Version 12.00
# Visual Studio Version 17
VisualStudioVersion = 17.3.32825.248
MinimumVisualStudioVersion = 10.0.40219.1
Project("{FAE04EC0-301F-11D3-BF4B-00C04F79EFBC}") = "dotnetCoreBoiler", "dotnetCoreBoiler\dotnetCoreBoiler.csproj", "{5CC03C4A-D658-46F3-8CAB-A0AAC2073C5F}"
EndProject
Global
	GlobalSection(SolutionConfigurationPlatforms) = preSolution
		Debug|Any CPU = Debug|Any CPU
		Release|Any CPU = Release|Any CPU
	EndGlobalSection
	GlobalSection(ProjectConfigurationPlatforms) = postSolution
		{5CC03C4A-D658-46F3-8CAB-A0AAC2073C5F}.Debug|Any CPU.ActiveCfg = Debug|Any CPU
		{5CC03C4A-D658-46F3-8CAB-A0AAC2073C5F}.Debug|Any CPU.Build.0 = Debug|Any CPU
		{5CC03C4A-D658-46F3-8CAB-A0AAC2073C5F}.Release|Any CPU.ActiveCfg = Release|Any CPU
		{5CC03C4A-D658-46F3-8CAB-A0AAC2073C5F}.Release|Any CPU.Build.0 = Release|Any CPU
	EndGlobalSection
	GlobalSection(SolutionProperties) = preSolution
		HideSolutionNode = FALSE
	EndGlobalSection
	GlobalSection(ExtensibilityGlobals) = postSolution
		SolutionGuid = {6D5FCD50-FAC8-4FE2-9AA5-699818FB71A8}
	EndGlobalSection
EndGlobal
